
Microsoft Visual Studio Solution File, Format Version 12.00
# Visual Studio Version 16
VisualStudioVersion = 16.0.30717.126
MinimumVisualStudioVersion = 10.0.40219.1
Project("{FAE04EC0-301F-11D3-BF4B-00C04F79EFBC}") = "DIDAWebApplication", "DIDAWebApplication\DIDAWebApplication.csproj", "{ED38674C-4E8E-4DD5-BC08-71959EA6C630}"
EndProject
Global
	GlobalSection(SolutionConfigurationPlatforms) = preSolution
		Debug|Any CPU = Debug|Any CPU
		Release|Any CPU = Release|Any CPU
	EndGlobalSection
	GlobalSection(ProjectConfigurationPlatforms) = postSolution
		{ED38674C-4E8E-4DD5-BC08-71959EA6C630}.Debug|Any CPU.ActiveCfg = Debug|Any CPU
		{ED38674C-4E8E-4DD5-BC08-71959EA6C630}.Debug|Any CPU.Build.0 = Debug|Any CPU
		{ED38674C-4E8E-4DD5-BC08-71959EA6C630}.Release|Any CPU.ActiveCfg = Release|Any CPU
		{ED38674C-4E8E-4DD5-BC08-71959EA6C630}.Release|Any CPU.Build.0 = Release|Any CPU
	EndGlobalSection
	GlobalSection(SolutionProperties) = preSolution
		HideSolutionNode = FALSE
	EndGlobalSection
	GlobalSection(ExtensibilityGlobals) = postSolution
		SolutionGuid = {07889F2B-0958-4A67-8811-9C79410B7803}
	EndGlobalSection
EndGlobal
